// !$*UTF8*$!
{
	archiveVersion = 1;
	classes = {
	};
	objectVersion = 48;
	objects = {

/* Begin PBXBuildFile section */
		0878E1D11F9BD8220019A83A /* ImageToImageView.swift in Sources */ = {isa = PBXBuildFile; fileRef = 0878E1D01F9BD8220019A83A /* ImageToImageView.swift */; };
		0878E1D81F9BF8330019A83A /* ExhibitTableViewCell.swift in Sources */ = {isa = PBXBuildFile; fileRef = 0878E1D31F9BF8320019A83A /* ExhibitTableViewCell.swift */; };
		0878E1D91F9BF8330019A83A /* ExhibitInfoViewController.swift in Sources */ = {isa = PBXBuildFile; fileRef = 0878E1D41F9BF8320019A83A /* ExhibitInfoViewController.swift */; };
		0878E1DA1F9BF8330019A83A /* PictureTableViewCell.swift in Sources */ = {isa = PBXBuildFile; fileRef = 0878E1D51F9BF8320019A83A /* PictureTableViewCell.swift */; };
		0878E1DB1F9BF8330019A83A /* ExhibitListViewController.swift in Sources */ = {isa = PBXBuildFile; fileRef = 0878E1D61F9BF8320019A83A /* ExhibitListViewController.swift */; };
		0878E1DC1F9BF8330019A83A /* ExhibitInfo.storyboard in Resources */ = {isa = PBXBuildFile; fileRef = 0878E1D71F9BF8320019A83A /* ExhibitInfo.storyboard */; };
		089705521F9BAFA800E8F8C2 /* MapViewController.swift in Sources */ = {isa = PBXBuildFile; fileRef = 089705511F9BAFA800E8F8C2 /* MapViewController.swift */; };
		089705541F9BBA7400E8F8C2 /* HallCoordinates.swift in Sources */ = {isa = PBXBuildFile; fileRef = 089705531F9BBA7400E8F8C2 /* HallCoordinates.swift */; };
		089705561F9BBA9F00E8F8C2 /* HallCoordinates.plist in Resources */ = {isa = PBXBuildFile; fileRef = 089705551F9BBA9F00E8F8C2 /* HallCoordinates.plist */; };
		089705581F9BC5AA00E8F8C2 /* ImageScrollView.swift in Sources */ = {isa = PBXBuildFile; fileRef = 089705571F9BC5AA00E8F8C2 /* ImageScrollView.swift */; };
		08D490961F9B575D00C79167 /* AppDelegate.swift in Sources */ = {isa = PBXBuildFile; fileRef = 08D490951F9B575D00C79167 /* AppDelegate.swift */; };
		08D4909B1F9B575D00C79167 /* Main.storyboard in Resources */ = {isa = PBXBuildFile; fileRef = 08D490991F9B575D00C79167 /* Main.storyboard */; };
		08D4909D1F9B575D00C79167 /* Assets.xcassets in Resources */ = {isa = PBXBuildFile; fileRef = 08D4909C1F9B575D00C79167 /* Assets.xcassets */; };
		08D490A01F9B575D00C79167 /* LaunchScreen.storyboard in Resources */ = {isa = PBXBuildFile; fileRef = 08D4909E1F9B575D00C79167 /* LaunchScreen.storyboard */; };
		08D490AA1F9B76C600C79167 /* UserAPI.swift in Sources */ = {isa = PBXBuildFile; fileRef = 08D490A91F9B76C600C79167 /* UserAPI.swift */; };
		08D490AC1F9B786500C79167 /* APIConfig.swift in Sources */ = {isa = PBXBuildFile; fileRef = 08D490AB1F9B786500C79167 /* APIConfig.swift */; };
		08D490AE1F9B790B00C79167 /* Alamofire-SwiftyJSON.swift in Sources */ = {isa = PBXBuildFile; fileRef = 08D490AD1F9B790B00C79167 /* Alamofire-SwiftyJSON.swift */; };
		08D490B11F9B7C5400C79167 /* UserData.swift in Sources */ = {isa = PBXBuildFile; fileRef = 08D490B01F9B7C5400C79167 /* UserData.swift */; };
		08D490B41F9B7CCD00C79167 /* RouteAPI.swift in Sources */ = {isa = PBXBuildFile; fileRef = 08D490B31F9B7CCD00C79167 /* RouteAPI.swift */; };
		08D490B61F9B7D7C00C79167 /* Route.swift in Sources */ = {isa = PBXBuildFile; fileRef = 08D490B51F9B7D7C00C79167 /* Route.swift */; };
		08D490BA1F9B7F0900C79167 /* UserAPISuccessMock.swift in Sources */ = {isa = PBXBuildFile; fileRef = 08D490B91F9B7F0900C79167 /* UserAPISuccessMock.swift */; };
		08D490BE1F9B943300C79167 /* RouteAPIPaginatedMock.swift in Sources */ = {isa = PBXBuildFile; fileRef = 08D490BD1F9B943300C79167 /* RouteAPIPaginatedMock.swift */; };
		08D490C01F9B9BBA00C79167 /* Map.storyboard in Resources */ = {isa = PBXBuildFile; fileRef = 08D490BF1F9B9BBA00C79167 /* Map.storyboard */; };
		08D490C71F9BA75800C79167 /* Picture.swift in Sources */ = {isa = PBXBuildFile; fileRef = 08D490C61F9BA75800C79167 /* Picture.swift */; };
		55D55FD51F9B68E600FF12FC /* VkLogin.storyboard in Resources */ = {isa = PBXBuildFile; fileRef = 55D55FD41F9B68E600FF12FC /* VkLogin.storyboard */; };
		55D55FDA1F9B708900FF12FC /* VkViewController.swift in Sources */ = {isa = PBXBuildFile; fileRef = 55D55FD91F9B708900FF12FC /* VkViewController.swift */; };
		55D55FDC1F9B774E00FF12FC /* VkSocialProvider.swift in Sources */ = {isa = PBXBuildFile; fileRef = 55D55FDB1F9B774E00FF12FC /* VkSocialProvider.swift */; };
		D358226187A787A1224BA075 /* Pods_HermitagePersonalGuide.framework in Frameworks */ = {isa = PBXBuildFile; fileRef = 8CDC69281639C8D6B983678C /* Pods_HermitagePersonalGuide.framework */; };
/* End PBXBuildFile section */

/* Begin PBXFileReference section */
		0878E1D01F9BD8220019A83A /* ImageToImageView.swift */ = {isa = PBXFileReference; lastKnownFileType = sourcecode.swift; path = ImageToImageView.swift; sourceTree = "<group>"; };
		0878E1D31F9BF8320019A83A /* ExhibitTableViewCell.swift */ = {isa = PBXFileReference; fileEncoding = 4; lastKnownFileType = sourcecode.swift; path = ExhibitTableViewCell.swift; sourceTree = "<group>"; };
		0878E1D41F9BF8320019A83A /* ExhibitInfoViewController.swift */ = {isa = PBXFileReference; fileEncoding = 4; lastKnownFileType = sourcecode.swift; path = ExhibitInfoViewController.swift; sourceTree = "<group>"; };
		0878E1D51F9BF8320019A83A /* PictureTableViewCell.swift */ = {isa = PBXFileReference; fileEncoding = 4; lastKnownFileType = sourcecode.swift; path = PictureTableViewCell.swift; sourceTree = "<group>"; };
		0878E1D61F9BF8320019A83A /* ExhibitListViewController.swift */ = {isa = PBXFileReference; fileEncoding = 4; lastKnownFileType = sourcecode.swift; path = ExhibitListViewController.swift; sourceTree = "<group>"; };
		0878E1D71F9BF8320019A83A /* ExhibitInfo.storyboard */ = {isa = PBXFileReference; fileEncoding = 4; lastKnownFileType = file.storyboard; path = ExhibitInfo.storyboard; sourceTree = "<group>"; };
		089705511F9BAFA800E8F8C2 /* MapViewController.swift */ = {isa = PBXFileReference; lastKnownFileType = sourcecode.swift; path = MapViewController.swift; sourceTree = "<group>"; };
		089705531F9BBA7400E8F8C2 /* HallCoordinates.swift */ = {isa = PBXFileReference; lastKnownFileType = sourcecode.swift; path = HallCoordinates.swift; sourceTree = "<group>"; };
		089705551F9BBA9F00E8F8C2 /* HallCoordinates.plist */ = {isa = PBXFileReference; lastKnownFileType = text.plist.xml; path = HallCoordinates.plist; sourceTree = "<group>"; };
		089705571F9BC5AA00E8F8C2 /* ImageScrollView.swift */ = {isa = PBXFileReference; lastKnownFileType = sourcecode.swift; path = ImageScrollView.swift; sourceTree = "<group>"; };
		08D490921F9B575D00C79167 /* HermitagePersonalGuide.app */ = {isa = PBXFileReference; explicitFileType = wrapper.application; includeInIndex = 0; path = HermitagePersonalGuide.app; sourceTree = BUILT_PRODUCTS_DIR; };
		08D490951F9B575D00C79167 /* AppDelegate.swift */ = {isa = PBXFileReference; lastKnownFileType = sourcecode.swift; path = AppDelegate.swift; sourceTree = "<group>"; };
		08D4909A1F9B575D00C79167 /* Base */ = {isa = PBXFileReference; lastKnownFileType = file.storyboard; name = Base; path = Base.lproj/Main.storyboard; sourceTree = "<group>"; };
		08D4909C1F9B575D00C79167 /* Assets.xcassets */ = {isa = PBXFileReference; lastKnownFileType = folder.assetcatalog; path = Assets.xcassets; sourceTree = "<group>"; };
		08D4909F1F9B575D00C79167 /* Base */ = {isa = PBXFileReference; lastKnownFileType = file.storyboard; name = Base; path = Base.lproj/LaunchScreen.storyboard; sourceTree = "<group>"; };
		08D490A11F9B575D00C79167 /* Info.plist */ = {isa = PBXFileReference; lastKnownFileType = text.plist.xml; path = Info.plist; sourceTree = "<group>"; };
		08D490A91F9B76C600C79167 /* UserAPI.swift */ = {isa = PBXFileReference; lastKnownFileType = sourcecode.swift; path = UserAPI.swift; sourceTree = "<group>"; };
		08D490AB1F9B786500C79167 /* APIConfig.swift */ = {isa = PBXFileReference; lastKnownFileType = sourcecode.swift; path = APIConfig.swift; sourceTree = "<group>"; };
		08D490AD1F9B790B00C79167 /* Alamofire-SwiftyJSON.swift */ = {isa = PBXFileReference; lastKnownFileType = sourcecode.swift; path = "Alamofire-SwiftyJSON.swift"; sourceTree = "<group>"; };
		08D490B01F9B7C5400C79167 /* UserData.swift */ = {isa = PBXFileReference; lastKnownFileType = sourcecode.swift; path = UserData.swift; sourceTree = "<group>"; };
		08D490B31F9B7CCD00C79167 /* RouteAPI.swift */ = {isa = PBXFileReference; lastKnownFileType = sourcecode.swift; path = RouteAPI.swift; sourceTree = "<group>"; };
		08D490B51F9B7D7C00C79167 /* Route.swift */ = {isa = PBXFileReference; lastKnownFileType = sourcecode.swift; path = Route.swift; sourceTree = "<group>"; };
		08D490B91F9B7F0900C79167 /* UserAPISuccessMock.swift */ = {isa = PBXFileReference; lastKnownFileType = sourcecode.swift; path = UserAPISuccessMock.swift; sourceTree = "<group>"; };
		08D490BD1F9B943300C79167 /* RouteAPIPaginatedMock.swift */ = {isa = PBXFileReference; lastKnownFileType = sourcecode.swift; path = RouteAPIPaginatedMock.swift; sourceTree = "<group>"; };
		08D490BF1F9B9BBA00C79167 /* Map.storyboard */ = {isa = PBXFileReference; lastKnownFileType = file.storyboard; path = Map.storyboard; sourceTree = "<group>"; };
		08D490C61F9BA75800C79167 /* Picture.swift */ = {isa = PBXFileReference; lastKnownFileType = sourcecode.swift; path = Picture.swift; sourceTree = "<group>"; };
		13CDD90E2978CC9CE18C4179 /* Pods-HermitagePersonalGuide.debug.xcconfig */ = {isa = PBXFileReference; includeInIndex = 1; lastKnownFileType = text.xcconfig; name = "Pods-HermitagePersonalGuide.debug.xcconfig"; path = "Pods/Target Support Files/Pods-HermitagePersonalGuide/Pods-HermitagePersonalGuide.debug.xcconfig"; sourceTree = "<group>"; };
		55D55FD41F9B68E600FF12FC /* VkLogin.storyboard */ = {isa = PBXFileReference; lastKnownFileType = file.storyboard; path = VkLogin.storyboard; sourceTree = "<group>"; };
		55D55FD91F9B708900FF12FC /* VkViewController.swift */ = {isa = PBXFileReference; lastKnownFileType = sourcecode.swift; path = VkViewController.swift; sourceTree = "<group>"; };
		55D55FDB1F9B774E00FF12FC /* VkSocialProvider.swift */ = {isa = PBXFileReference; lastKnownFileType = sourcecode.swift; path = VkSocialProvider.swift; sourceTree = "<group>"; };
		8CDC69281639C8D6B983678C /* Pods_HermitagePersonalGuide.framework */ = {isa = PBXFileReference; explicitFileType = wrapper.framework; includeInIndex = 0; path = Pods_HermitagePersonalGuide.framework; sourceTree = BUILT_PRODUCTS_DIR; };
		9DFBEC450519926327A74FC3 /* Pods-HermitagePersonalGuide.release.xcconfig */ = {isa = PBXFileReference; includeInIndex = 1; lastKnownFileType = text.xcconfig; name = "Pods-HermitagePersonalGuide.release.xcconfig"; path = "Pods/Target Support Files/Pods-HermitagePersonalGuide/Pods-HermitagePersonalGuide.release.xcconfig"; sourceTree = "<group>"; };
/* End PBXFileReference section */

/* Begin PBXFrameworksBuildPhase section */
		08D4908F1F9B575D00C79167 /* Frameworks */ = {
			isa = PBXFrameworksBuildPhase;
			buildActionMask = 2147483647;
			files = (
				D358226187A787A1224BA075 /* Pods_HermitagePersonalGuide.framework in Frameworks */,
			);
			runOnlyForDeploymentPostprocessing = 0;
		};
/* End PBXFrameworksBuildPhase section */

/* Begin PBXGroup section */
		0878E1D21F9BF8320019A83A /* ExhibitInfo */ = {
			isa = PBXGroup;
			children = (
				0878E1D31F9BF8320019A83A /* ExhibitTableViewCell.swift */,
				0878E1D41F9BF8320019A83A /* ExhibitInfoViewController.swift */,
				0878E1D51F9BF8320019A83A /* PictureTableViewCell.swift */,
				0878E1D61F9BF8320019A83A /* ExhibitListViewController.swift */,
				0878E1D71F9BF8320019A83A /* ExhibitInfo.storyboard */,
			);
			path = ExhibitInfo;
			sourceTree = "<group>";
		};
		08D490891F9B575D00C79167 = {
			isa = PBXGroup;
			children = (
				0878E1D01F9BD8220019A83A /* ImageToImageView.swift */,
				08D490941F9B575D00C79167 /* HermitagePersonalGuide */,
				08D490931F9B575D00C79167 /* Products */,
				98EF2B96A4F5676A5D0C380B /* Pods */,
				15D5AAC783C492C57EF89411 /* Frameworks */,
			);
			sourceTree = "<group>";
		};
		08D490931F9B575D00C79167 /* Products */ = {
			isa = PBXGroup;
			children = (
				08D490921F9B575D00C79167 /* HermitagePersonalGuide.app */,
			);
			name = Products;
			sourceTree = "<group>";
		};
		08D490941F9B575D00C79167 /* HermitagePersonalGuide */ = {
			isa = PBXGroup;
			children = (
				0878E1D21F9BF8320019A83A /* ExhibitInfo */,
				55D55FD61F9B6A6000FF12FC /* Vk */,
				08D490951F9B575D00C79167 /* AppDelegate.swift */,
				08D490991F9B575D00C79167 /* Main.storyboard */,
				08D4909C1F9B575D00C79167 /* Assets.xcassets */,
				08D4909E1F9B575D00C79167 /* LaunchScreen.storyboard */,
				08D490A11F9B575D00C79167 /* Info.plist */,
				08D490C31F9B9BD100C79167 /* Model & API */,
				08D490AB1F9B786500C79167 /* APIConfig.swift */,
				08D490AD1F9B790B00C79167 /* Alamofire-SwiftyJSON.swift */,
				08D490C11F9B9BBF00C79167 /* Map */,
				089705571F9BC5AA00E8F8C2 /* ImageScrollView.swift */,
			);
			path = HermitagePersonalGuide;
			sourceTree = "<group>";
		};
		08D490AF1F9B7C3100C79167 /* User */ = {
			isa = PBXGroup;
			children = (
				08D490A91F9B76C600C79167 /* UserAPI.swift */,
				08D490B01F9B7C5400C79167 /* UserData.swift */,
				08D490BB1F9B7F4000C79167 /* Mocks */,
			);
			path = User;
			sourceTree = "<group>";
		};
		08D490B21F9B7CB500C79167 /* Route */ = {
			isa = PBXGroup;
			children = (
				08D490BC1F9B825900C79167 /* Mock */,
				08D490B31F9B7CCD00C79167 /* RouteAPI.swift */,
				08D490B51F9B7D7C00C79167 /* Route.swift */,
			);
			path = Route;
			sourceTree = "<group>";
		};
		08D490BB1F9B7F4000C79167 /* Mocks */ = {
			isa = PBXGroup;
			children = (
				08D490B91F9B7F0900C79167 /* UserAPISuccessMock.swift */,
			);
			path = Mocks;
			sourceTree = "<group>";
		};
		08D490BC1F9B825900C79167 /* Mock */ = {
			isa = PBXGroup;
			children = (
				08D490BD1F9B943300C79167 /* RouteAPIPaginatedMock.swift */,
			);
			path = Mock;
			sourceTree = "<group>";
		};
		08D490C11F9B9BBF00C79167 /* Map */ = {
			isa = PBXGroup;
			children = (
				08D490BF1F9B9BBA00C79167 /* Map.storyboard */,
				089705511F9BAFA800E8F8C2 /* MapViewController.swift */,
				089705531F9BBA7400E8F8C2 /* HallCoordinates.swift */,
				089705551F9BBA9F00E8F8C2 /* HallCoordinates.plist */,
			);
			path = Map;
			sourceTree = "<group>";
		};
		08D490C31F9B9BD100C79167 /* Model & API */ = {
			isa = PBXGroup;
			children = (
				08D490C51F9BA74500C79167 /* Picture */,
				08D490B21F9B7CB500C79167 /* Route */,
				08D490AF1F9B7C3100C79167 /* User */,
			);
			path = "Model & API";
			sourceTree = "<group>";
		};
		08D490C51F9BA74500C79167 /* Picture */ = {
			isa = PBXGroup;
			children = (
				08D490C61F9BA75800C79167 /* Picture.swift */,
			);
			path = Picture;
			sourceTree = "<group>";
		};
		15D5AAC783C492C57EF89411 /* Frameworks */ = {
			isa = PBXGroup;
			children = (
				8CDC69281639C8D6B983678C /* Pods_HermitagePersonalGuide.framework */,
			);
			name = Frameworks;
			sourceTree = "<group>";
		};
		55D55FD61F9B6A6000FF12FC /* Vk */ = {
			isa = PBXGroup;
			children = (
				55D55FD41F9B68E600FF12FC /* VkLogin.storyboard */,
				55D55FD91F9B708900FF12FC /* VkViewController.swift */,
				55D55FDB1F9B774E00FF12FC /* VkSocialProvider.swift */,
			);
			path = Vk;
			sourceTree = "<group>";
		};
		98EF2B96A4F5676A5D0C380B /* Pods */ = {
			isa = PBXGroup;
			children = (
				13CDD90E2978CC9CE18C4179 /* Pods-HermitagePersonalGuide.debug.xcconfig */,
				9DFBEC450519926327A74FC3 /* Pods-HermitagePersonalGuide.release.xcconfig */,
			);
			name = Pods;
			sourceTree = "<group>";
		};
/* End PBXGroup section */

/* Begin PBXNativeTarget section */
		08D490911F9B575D00C79167 /* HermitagePersonalGuide */ = {
			isa = PBXNativeTarget;
			buildConfigurationList = 08D490A41F9B575D00C79167 /* Build configuration list for PBXNativeTarget "HermitagePersonalGuide" */;
			buildPhases = (
				9E80BD379F6E129ADFE38DB8 /* [CP] Check Pods Manifest.lock */,
				08D4908E1F9B575D00C79167 /* Sources */,
				08D4908F1F9B575D00C79167 /* Frameworks */,
				08D490901F9B575D00C79167 /* Resources */,
				6239A43C2A2E000B45E695F1 /* [CP] Embed Pods Frameworks */,
				5B13525DAE603855E3B9F9AB /* [CP] Copy Pods Resources */,
			);
			buildRules = (
			);
			dependencies = (
			);
			name = HermitagePersonalGuide;
			productName = HermitagePersonalGuide;
			productReference = 08D490921F9B575D00C79167 /* HermitagePersonalGuide.app */;
			productType = "com.apple.product-type.application";
		};
/* End PBXNativeTarget section */

/* Begin PBXProject section */
		08D4908A1F9B575D00C79167 /* Project object */ = {
			isa = PBXProject;
			attributes = {
				LastSwiftUpdateCheck = 0900;
				LastUpgradeCheck = 0900;
				ORGANIZATIONNAME = Ostrenkiy;
				TargetAttributes = {
					08D490911F9B575D00C79167 = {
						CreatedOnToolsVersion = 9.0;
						ProvisioningStyle = Automatic;
					};
				};
			};
			buildConfigurationList = 08D4908D1F9B575D00C79167 /* Build configuration list for PBXProject "HermitagePersonalGuide" */;
			compatibilityVersion = "Xcode 8.0";
			developmentRegion = en;
			hasScannedForEncodings = 0;
			knownRegions = (
				en,
				Base,
			);
			mainGroup = 08D490891F9B575D00C79167;
			productRefGroup = 08D490931F9B575D00C79167 /* Products */;
			projectDirPath = "";
			projectRoot = "";
			targets = (
				08D490911F9B575D00C79167 /* HermitagePersonalGuide */,
			);
		};
/* End PBXProject section */

/* Begin PBXResourcesBuildPhase section */
		08D490901F9B575D00C79167 /* Resources */ = {
			isa = PBXResourcesBuildPhase;
			buildActionMask = 2147483647;
			files = (
				0878E1DC1F9BF8330019A83A /* ExhibitInfo.storyboard in Resources */,
				08D490A01F9B575D00C79167 /* LaunchScreen.storyboard in Resources */,
				08D4909D1F9B575D00C79167 /* Assets.xcassets in Resources */,
				08D490C01F9B9BBA00C79167 /* Map.storyboard in Resources */,
				08D4909B1F9B575D00C79167 /* Main.storyboard in Resources */,
				55D55FD51F9B68E600FF12FC /* VkLogin.storyboard in Resources */,
				089705561F9BBA9F00E8F8C2 /* HallCoordinates.plist in Resources */,
			);
			runOnlyForDeploymentPostprocessing = 0;
		};
/* End PBXResourcesBuildPhase section */

/* Begin PBXShellScriptBuildPhase section */
		5B13525DAE603855E3B9F9AB /* [CP] Copy Pods Resources */ = {
			isa = PBXShellScriptBuildPhase;
			buildActionMask = 2147483647;
			files = (
			);
			inputPaths = (
			);
			name = "[CP] Copy Pods Resources";
			outputPaths = (
			);
			runOnlyForDeploymentPostprocessing = 0;
			shellPath = /bin/sh;
			shellScript = "\"${SRCROOT}/Pods/Target Support Files/Pods-HermitagePersonalGuide/Pods-HermitagePersonalGuide-resources.sh\"\n";
			showEnvVarsInLog = 0;
		};
		6239A43C2A2E000B45E695F1 /* [CP] Embed Pods Frameworks */ = {
			isa = PBXShellScriptBuildPhase;
			buildActionMask = 2147483647;
			files = (
			);
			inputPaths = (
				"${SRCROOT}/Pods/Target Support Files/Pods-HermitagePersonalGuide/Pods-HermitagePersonalGuide-frameworks.sh",
				"${BUILT_PRODUCTS_DIR}/Alamofire/Alamofire.framework",
				"${BUILT_PRODUCTS_DIR}/FLKAutoLayout/FLKAutoLayout.framework",
				"${BUILT_PRODUCTS_DIR}/Nuke/Nuke.framework",
				"${BUILT_PRODUCTS_DIR}/Presentr/Presentr.framework",
				"${BUILT_PRODUCTS_DIR}/Pulsator/Pulsator.framework",
				"${BUILT_PRODUCTS_DIR}/SwiftyJSON/SwiftyJSON.framework",
				"${BUILT_PRODUCTS_DIR}/VK-ios-sdk/VK_ios_sdk.framework",
			);
			name = "[CP] Embed Pods Frameworks";
			outputPaths = (
				"${TARGET_BUILD_DIR}/${FRAMEWORKS_FOLDER_PATH}/Alamofire.framework",
				"${TARGET_BUILD_DIR}/${FRAMEWORKS_FOLDER_PATH}/FLKAutoLayout.framework",
				"${TARGET_BUILD_DIR}/${FRAMEWORKS_FOLDER_PATH}/Nuke.framework",
				"${TARGET_BUILD_DIR}/${FRAMEWORKS_FOLDER_PATH}/Presentr.framework",
				"${TARGET_BUILD_DIR}/${FRAMEWORKS_FOLDER_PATH}/Pulsator.framework",
				"${TARGET_BUILD_DIR}/${FRAMEWORKS_FOLDER_PATH}/SwiftyJSON.framework",
				"${TARGET_BUILD_DIR}/${FRAMEWORKS_FOLDER_PATH}/VK_ios_sdk.framework",
			);
			runOnlyForDeploymentPostprocessing = 0;
			shellPath = /bin/sh;
			shellScript = "\"${SRCROOT}/Pods/Target Support Files/Pods-HermitagePersonalGuide/Pods-HermitagePersonalGuide-frameworks.sh\"\n";
			showEnvVarsInLog = 0;
		};
		9E80BD379F6E129ADFE38DB8 /* [CP] Check Pods Manifest.lock */ = {
			isa = PBXShellScriptBuildPhase;
			buildActionMask = 2147483647;
			files = (
			);
			inputPaths = (
				"${PODS_PODFILE_DIR_PATH}/Podfile.lock",
				"${PODS_ROOT}/Manifest.lock",
			);
			name = "[CP] Check Pods Manifest.lock";
			outputPaths = (
				"$(DERIVED_FILE_DIR)/Pods-HermitagePersonalGuide-checkManifestLockResult.txt",
			);
			runOnlyForDeploymentPostprocessing = 0;
			shellPath = /bin/sh;
			shellScript = "diff \"${PODS_PODFILE_DIR_PATH}/Podfile.lock\" \"${PODS_ROOT}/Manifest.lock\" > /dev/null\nif [ $? != 0 ] ; then\n    # print error to STDERR\n    echo \"error: The sandbox is not in sync with the Podfile.lock. Run 'pod install' or update your CocoaPods installation.\" >&2\n    exit 1\nfi\n# This output is used by Xcode 'outputs' to avoid re-running this script phase.\necho \"SUCCESS\" > \"${SCRIPT_OUTPUT_FILE_0}\"\n";
			showEnvVarsInLog = 0;
		};
/* End PBXShellScriptBuildPhase section */

/* Begin PBXSourcesBuildPhase section */
		08D4908E1F9B575D00C79167 /* Sources */ = {
			isa = PBXSourcesBuildPhase;
			buildActionMask = 2147483647;
			files = (
				0878E1DA1F9BF8330019A83A /* PictureTableViewCell.swift in Sources */,
				08D490B11F9B7C5400C79167 /* UserData.swift in Sources */,
				0878E1D91F9BF8330019A83A /* ExhibitInfoViewController.swift in Sources */,
				55D55FDA1F9B708900FF12FC /* VkViewController.swift in Sources */,
				08D490C71F9BA75800C79167 /* Picture.swift in Sources */,
				55D55FDC1F9B774E00FF12FC /* VkSocialProvider.swift in Sources */,
				08D490BE1F9B943300C79167 /* RouteAPIPaginatedMock.swift in Sources */,
				0878E1D11F9BD8220019A83A /* ImageToImageView.swift in Sources */,
				0878E1DB1F9BF8330019A83A /* ExhibitListViewController.swift in Sources */,
				08D490961F9B575D00C79167 /* AppDelegate.swift in Sources */,
				08D490AE1F9B790B00C79167 /* Alamofire-SwiftyJSON.swift in Sources */,
				0878E1D81F9BF8330019A83A /* ExhibitTableViewCell.swift in Sources */,
				08D490BA1F9B7F0900C79167 /* UserAPISuccessMock.swift in Sources */,
				08D490B41F9B7CCD00C79167 /* RouteAPI.swift in Sources */,
				08D490B61F9B7D7C00C79167 /* Route.swift in Sources */,
				089705541F9BBA7400E8F8C2 /* HallCoordinates.swift in Sources */,
				08D490AC1F9B786500C79167 /* APIConfig.swift in Sources */,
				089705581F9BC5AA00E8F8C2 /* ImageScrollView.swift in Sources */,
				08D490AA1F9B76C600C79167 /* UserAPI.swift in Sources */,
				089705521F9BAFA800E8F8C2 /* MapViewController.swift in Sources */,
			);
			runOnlyForDeploymentPostprocessing = 0;
		};
/* End PBXSourcesBuildPhase section */

/* Begin PBXVariantGroup section */
		08D490991F9B575D00C79167 /* Main.storyboard */ = {
			isa = PBXVariantGroup;
			children = (
				08D4909A1F9B575D00C79167 /* Base */,
			);
			name = Main.storyboard;
			sourceTree = "<group>";
		};
		08D4909E1F9B575D00C79167 /* LaunchScreen.storyboard */ = {
			isa = PBXVariantGroup;
			children = (
				08D4909F1F9B575D00C79167 /* Base */,
			);
			name = LaunchScreen.storyboard;
			sourceTree = "<group>";
		};
/* End PBXVariantGroup section */

/* Begin XCBuildConfiguration section */
		08D490A21F9B575D00C79167 /* Debug */ = {
			isa = XCBuildConfiguration;
			buildSettings = {
				ALWAYS_SEARCH_USER_PATHS = NO;
				CLANG_ANALYZER_NONNULL = YES;
				CLANG_ANALYZER_NUMBER_OBJECT_CONVERSION = YES_AGGRESSIVE;
				CLANG_CXX_LANGUAGE_STANDARD = "gnu++14";
				CLANG_CXX_LIBRARY = "libc++";
				CLANG_ENABLE_MODULES = YES;
				CLANG_ENABLE_OBJC_ARC = YES;
				CLANG_WARN_BLOCK_CAPTURE_AUTORELEASING = YES;
				CLANG_WARN_BOOL_CONVERSION = YES;
				CLANG_WARN_COMMA = YES;
				CLANG_WARN_CONSTANT_CONVERSION = YES;
				CLANG_WARN_DIRECT_OBJC_ISA_USAGE = YES_ERROR;
				CLANG_WARN_DOCUMENTATION_COMMENTS = YES;
				CLANG_WARN_EMPTY_BODY = YES;
				CLANG_WARN_ENUM_CONVERSION = YES;
				CLANG_WARN_INFINITE_RECURSION = YES;
				CLANG_WARN_INT_CONVERSION = YES;
				CLANG_WARN_NON_LITERAL_NULL_CONVERSION = YES;
				CLANG_WARN_OBJC_LITERAL_CONVERSION = YES;
				CLANG_WARN_OBJC_ROOT_CLASS = YES_ERROR;
				CLANG_WARN_RANGE_LOOP_ANALYSIS = YES;
				CLANG_WARN_STRICT_PROTOTYPES = YES;
				CLANG_WARN_SUSPICIOUS_MOVE = YES;
				CLANG_WARN_UNGUARDED_AVAILABILITY = YES_AGGRESSIVE;
				CLANG_WARN_UNREACHABLE_CODE = YES;
				CLANG_WARN__DUPLICATE_METHOD_MATCH = YES;
				CODE_SIGN_IDENTITY = "iPhone Developer";
				COPY_PHASE_STRIP = NO;
				DEBUG_INFORMATION_FORMAT = dwarf;
				ENABLE_STRICT_OBJC_MSGSEND = YES;
				ENABLE_TESTABILITY = YES;
				GCC_C_LANGUAGE_STANDARD = gnu11;
				GCC_DYNAMIC_NO_PIC = NO;
				GCC_NO_COMMON_BLOCKS = YES;
				GCC_OPTIMIZATION_LEVEL = 0;
				GCC_PREPROCESSOR_DEFINITIONS = (
					"DEBUG=1",
					"$(inherited)",
				);
				GCC_WARN_64_TO_32_BIT_CONVERSION = YES;
				GCC_WARN_ABOUT_RETURN_TYPE = YES_ERROR;
				GCC_WARN_UNDECLARED_SELECTOR = YES;
				GCC_WARN_UNINITIALIZED_AUTOS = YES_AGGRESSIVE;
				GCC_WARN_UNUSED_FUNCTION = YES;
				GCC_WARN_UNUSED_VARIABLE = YES;
				IPHONEOS_DEPLOYMENT_TARGET = 11.0;
				MTL_ENABLE_DEBUG_INFO = YES;
				ONLY_ACTIVE_ARCH = YES;
				SDKROOT = iphoneos;
				SWIFT_ACTIVE_COMPILATION_CONDITIONS = DEBUG;
				SWIFT_OPTIMIZATION_LEVEL = "-Onone";
			};
			name = Debug;
		};
		08D490A31F9B575D00C79167 /* Release */ = {
			isa = XCBuildConfiguration;
			buildSettings = {
				ALWAYS_SEARCH_USER_PATHS = NO;
				CLANG_ANALYZER_NONNULL = YES;
				CLANG_ANALYZER_NUMBER_OBJECT_CONVERSION = YES_AGGRESSIVE;
				CLANG_CXX_LANGUAGE_STANDARD = "gnu++14";
				CLANG_CXX_LIBRARY = "libc++";
				CLANG_ENABLE_MODULES = YES;
				CLANG_ENABLE_OBJC_ARC = YES;
				CLANG_WARN_BLOCK_CAPTURE_AUTORELEASING = YES;
				CLANG_WARN_BOOL_CONVERSION = YES;
				CLANG_WARN_COMMA = YES;
				CLANG_WARN_CONSTANT_CONVERSION = YES;
				CLANG_WARN_DIRECT_OBJC_ISA_USAGE = YES_ERROR;
				CLANG_WARN_DOCUMENTATION_COMMENTS = YES;
				CLANG_WARN_EMPTY_BODY = YES;
				CLANG_WARN_ENUM_CONVERSION = YES;
				CLANG_WARN_INFINITE_RECURSION = YES;
				CLANG_WARN_INT_CONVERSION = YES;
				CLANG_WARN_NON_LITERAL_NULL_CONVERSION = YES;
				CLANG_WARN_OBJC_LITERAL_CONVERSION = YES;
				CLANG_WARN_OBJC_ROOT_CLASS = YES_ERROR;
				CLANG_WARN_RANGE_LOOP_ANALYSIS = YES;
				CLANG_WARN_STRICT_PROTOTYPES = YES;
				CLANG_WARN_SUSPICIOUS_MOVE = YES;
				CLANG_WARN_UNGUARDED_AVAILABILITY = YES_AGGRESSIVE;
				CLANG_WARN_UNREACHABLE_CODE = YES;
				CLANG_WARN__DUPLICATE_METHOD_MATCH = YES;
				CODE_SIGN_IDENTITY = "iPhone Developer";
				COPY_PHASE_STRIP = NO;
				DEBUG_INFORMATION_FORMAT = "dwarf-with-dsym";
				ENABLE_NS_ASSERTIONS = NO;
				ENABLE_STRICT_OBJC_MSGSEND = YES;
				GCC_C_LANGUAGE_STANDARD = gnu11;
				GCC_NO_COMMON_BLOCKS = YES;
				GCC_WARN_64_TO_32_BIT_CONVERSION = YES;
				GCC_WARN_ABOUT_RETURN_TYPE = YES_ERROR;
				GCC_WARN_UNDECLARED_SELECTOR = YES;
				GCC_WARN_UNINITIALIZED_AUTOS = YES_AGGRESSIVE;
				GCC_WARN_UNUSED_FUNCTION = YES;
				GCC_WARN_UNUSED_VARIABLE = YES;
				IPHONEOS_DEPLOYMENT_TARGET = 11.0;
				MTL_ENABLE_DEBUG_INFO = NO;
				SDKROOT = iphoneos;
				SWIFT_OPTIMIZATION_LEVEL = "-Owholemodule";
				VALIDATE_PRODUCT = YES;
			};
			name = Release;
		};
		08D490A51F9B575D00C79167 /* Debug */ = {
			isa = XCBuildConfiguration;
			baseConfigurationReference = 13CDD90E2978CC9CE18C4179 /* Pods-HermitagePersonalGuide.debug.xcconfig */;
			buildSettings = {
				ASSETCATALOG_COMPILER_APPICON_NAME = AppIcon;
				CODE_SIGN_STYLE = Automatic;
				DEVELOPMENT_TEAM = 8UCNQ4GFK3;
				INFOPLIST_FILE = HermitagePersonalGuide/Info.plist;
				IPHONEOS_DEPLOYMENT_TARGET = 11.0;
				LD_RUNPATH_SEARCH_PATHS = "$(inherited) @executable_path/Frameworks";
				PRODUCT_BUNDLE_IDENTIFIER = me.ostrenkiy.HermitagePersonalGuide;
				PRODUCT_NAME = "$(TARGET_NAME)";
				SWIFT_VERSION = 4.0;
				TARGETED_DEVICE_FAMILY = "1,2";
			};
			name = Debug;
		};
		08D490A61F9B575D00C79167 /* Release */ = {
			isa = XCBuildConfiguration;
			baseConfigurationReference = 9DFBEC450519926327A74FC3 /* Pods-HermitagePersonalGuide.release.xcconfig */;
			buildSettings = {
				ASSETCATALOG_COMPILER_APPICON_NAME = AppIcon;
				CODE_SIGN_STYLE = Automatic;
				DEVELOPMENT_TEAM = 8UCNQ4GFK3;
				INFOPLIST_FILE = HermitagePersonalGuide/Info.plist;
				IPHONEOS_DEPLOYMENT_TARGET = 11.0;
				LD_RUNPATH_SEARCH_PATHS = "$(inherited) @executable_path/Frameworks";
				PRODUCT_BUNDLE_IDENTIFIER = me.ostrenkiy.HermitagePersonalGuide;
				PRODUCT_NAME = "$(TARGET_NAME)";
				SWIFT_VERSION = 4.0;
				TARGETED_DEVICE_FAMILY = "1,2";
			};
			name = Release;
		};
/* End XCBuildConfiguration section */

/* Begin XCConfigurationList section */
		08D4908D1F9B575D00C79167 /* Build configuration list for PBXProject "HermitagePersonalGuide" */ = {
			isa = XCConfigurationList;
			buildConfigurations = (
				08D490A21F9B575D00C79167 /* Debug */,
				08D490A31F9B575D00C79167 /* Release */,
			);
			defaultConfigurationIsVisible = 0;
			defaultConfigurationName = Release;
		};
		08D490A41F9B575D00C79167 /* Build configuration list for PBXNativeTarget "HermitagePersonalGuide" */ = {
			isa = XCConfigurationList;
			buildConfigurations = (
				08D490A51F9B575D00C79167 /* Debug */,
				08D490A61F9B575D00C79167 /* Release */,
			);
			defaultConfigurationIsVisible = 0;
			defaultConfigurationName = Release;
		};
/* End XCConfigurationList section */
	};
	rootObject = 08D4908A1F9B575D00C79167 /* Project object */;
}
